
Microsoft Visual Studio Solution File, Format Version 12.00
# Visual Studio Version 17
VisualStudioVersion = 17.13.35913.81 d17.13
MinimumVisualStudioVersion = 10.0.40219.1
Project("{8BC9CEB8-8B4A-11D0-8D11-00A0C91BC942}") = "WindowsSearchManager", "WindowsSearchManager.vcxproj", "{DFBA1137-D87F-4963-B032-4D325935BB1C}"
EndProject
Global
	GlobalSection(SolutionConfigurationPlatforms) = preSolution
		Debug|x64 = Debug|x64
		Debug|x86 = Debug|x86
		Release|x64 = Release|x64
		Release|x86 = Release|x86
	EndGlobalSection
	GlobalSection(ProjectConfigurationPlatforms) = postSolution
		{DFBA1137-D87F-4963-B032-4D325935BB1C}.Debug|x64.ActiveCfg = Debug|x64
		{DFBA1137-D87F-4963-B032-4D325935BB1C}.Debug|x64.Build.0 = Debug|x64
		{DFBA1137-D87F-4963-B032-4D325935BB1C}.Debug|x86.ActiveCfg = Debug|Win32
		{DFBA1137-D87F-4963-B032-4D325935BB1C}.Debug|x86.Build.0 = Debug|Win32
		{DFBA1137-D87F-4963-B032-4D325935BB1C}.Release|x64.ActiveCfg = Release|x64
		{DFBA1137-D87F-4963-B032-4D325935BB1C}.Release|x64.Build.0 = Release|x64
		{DFBA1137-D87F-4963-B032-4D325935BB1C}.Release|x86.ActiveCfg = Release|Win32
		{DFBA1137-D87F-4963-B032-4D325935BB1C}.Release|x86.Build.0 = Release|Win32
	EndGlobalSection
	GlobalSection(SolutionProperties) = preSolution
		HideSolutionNode = FALSE
	EndGlobalSection
	GlobalSection(ExtensibilityGlobals) = postSolution
		SolutionGuid = {7487C22B-B023-4A18-9B4F-550604B517F7}
	EndGlobalSection
EndGlobal
